
Microsoft Visual Studio Solution File, Format Version 12.00
# Visual Studio 15
VisualStudioVersion = 15.0.26730.3
MinimumVisualStudioVersion = 10.0.40219.1
Project("{FAE04EC0-301F-11D3-BF4B-00C04F79EFBC}") = "Appointed2-GUI", "Appointed2-GUI\Appointed2-GUI.csproj", "{11E0DE56-B2F5-4318-946E-CB663CB9A0EE}"
EndProject
Global
	GlobalSection(SolutionConfigurationPlatforms) = preSolution
		Debug|Any CPU = Debug|Any CPU
		Release|Any CPU = Release|Any CPU
	EndGlobalSection
	GlobalSection(ProjectConfigurationPlatforms) = postSolution
		{11E0DE56-B2F5-4318-946E-CB663CB9A0EE}.Debug|Any CPU.ActiveCfg = Debug|Any CPU
		{11E0DE56-B2F5-4318-946E-CB663CB9A0EE}.Debug|Any CPU.Build.0 = Debug|Any CPU
		{11E0DE56-B2F5-4318-946E-CB663CB9A0EE}.Release|Any CPU.ActiveCfg = Release|Any CPU
		{11E0DE56-B2F5-4318-946E-CB663CB9A0EE}.Release|Any CPU.Build.0 = Release|Any CPU
	EndGlobalSection
	GlobalSection(SolutionProperties) = preSolution
		HideSolutionNode = FALSE
	EndGlobalSection
	GlobalSection(ExtensibilityGlobals) = postSolution
		SolutionGuid = {D8FA879E-1F2B-4EBC-8F67-174C3F6A9503}
	EndGlobalSection
EndGlobal
